<?xml version="1.0" encoding="utf-8"?>
<Project ToolsVersion="4.0" xmlns="http://schemas.microsoft.com/developer/msbuild/2003">
  <ItemGroup>
    <Filter Include="Source Files">
      <UniqueIdentifier>{4FC737F1-C7A5-4376-A066-2A32D752A2FF}</UniqueIdentifier>
      <Extensions>cpp;c;cc;cxx;c++;cppm;ixx;def;odl;idl;hpj;bat;asm;asmx</Extensions>
    </Filter>
    <Filter Include="Header Files">
      <UniqueIdentifier>{93995380-89BD-4b04-88EB-625FBE52EBFB}</UniqueIdentifier>
      <Extensions>h;hh;hpp;hxx;h++;hm;inl;inc;ipp;xsd</Extensions>
    </Filter>
    <Filter Include="Resource Files">
      <UniqueIdentifier>{67DA6AB6-F800-4c08-8B7A-83BB121AAD01}</UniqueIdentifier>
      <Extensions>rc;ico;cur;bmp;dlg;rc2;rct;bin;rgs;gif;jpg;jpeg;jpe;resx;tiff;tif;png;wav;mfcribbon-ms</Extensions>
    </Filter>
  </ItemGroup>
  <ItemGroup>
    <ClCompile Include="main.cpp">
      <Filter>Source Files</Filter>
    </ClCompile>
    <ClCompile Include="Content\ContentLoader.cpp">
      <Filter>Source Files</Filter>
    </ClCompile>
    <ClCompile Include="Content\PernamentContent.cpp">
      <Filter>Source Files</Filter>
    </ClCompile>
    <ClCompile Include="Engine\ALevel.cpp">
      <Filter>Source Files</Filter>
    </ClCompile>
    <ClCompile Include="Engine\AGame.cpp">
      <Filter>Source Files</Filter>
    </ClCompile>
    <ClCompile Include="Game\Game.cpp">
      <Filter>Source Files</Filter>
    </ClCompile>
    <ClCompile Include="Engine\GameTime.cpp">
      <Filter>Source Files</Filter>
    </ClCompile>
    <ClCompile Include="Engine\ALevelEntity.cpp">
      <Filter>Source Files</Filter>
    </ClCompile>
    <ClCompile Include="Game\Level.cpp">
      <Filter>Source Files</Filter>
    </ClCompile>
    <ClCompile Include="Game\LevelManager.cpp">
      <Filter>Source Files</Filter>
    </ClCompile>
    <ClCompile Include="Game\LMainMenu.cpp">
      <Filter>Source Files</Filter>
    </ClCompile>
    <ClCompile Include="Engine\GUII\AButton.cpp">
      <Filter>Source Files</Filter>
    </ClCompile>
    <ClCompile Include="Engine\Widget.cpp">
      <Filter>Source Files</Filter>
    </ClCompile>
    <ClCompile Include="Engine\ALevelManager.cpp">
      <Filter>Source Files</Filter>
    </ClCompile>
    <ClCompile Include="Engine\GUII\AUIElement.cpp">
      <Filter>Source Files</Filter>
    </ClCompile>
  </ItemGroup>
  <ItemGroup>
    <ClInclude Include="Content\ContentLoader.h">
      <Filter>Header Files</Filter>
    </ClInclude>
    <ClInclude Include="Content\PernamentContent.h">
      <Filter>Header Files</Filter>
    </ClInclude>
    <ClInclude Include="Engine\ALevel.h">
      <Filter>Header Files</Filter>
    </ClInclude>
    <ClInclude Include="Engine\AGame.h">
      <Filter>Header Files</Filter>
    </ClInclude>
    <ClInclude Include="Game\Game.h">
      <Filter>Header Files</Filter>
    </ClInclude>
    <ClInclude Include="Engine\GameTime.h">
      <Filter>Header Files</Filter>
    </ClInclude>
    <ClInclude Include="Engine\ALevelEntity.h">
      <Filter>Header Files</Filter>
    </ClInclude>
    <ClInclude Include="Game\Level.h">
      <Filter>Header Files</Filter>
    </ClInclude>
    <ClInclude Include="Game\LevelManager.h">
      <Filter>Header Files</Filter>
    </ClInclude>
    <ClInclude Include="Game\LMainMenu.h">
      <Filter>Header Files</Filter>
    </ClInclude>
    <ClInclude Include="Engine\GUII\AButton.h">
      <Filter>Header Files</Filter>
    </ClInclude>
    <ClInclude Include="Engine\Widget.h">
      <Filter>Header Files</Filter>
    </ClInclude>
    <ClInclude Include="Engine\ALevelManager.h">
      <Filter>Header Files</Filter>
    </ClInclude>
    <ClInclude Include="Engine\StructureTexture.h">
      <Filter>Header Files</Filter>
    </ClInclude>
    <ClInclude Include="Engine\GUII\AUIElement.h">
      <Filter>Header Files</Filter>
    </ClInclude>
  </ItemGroup>
  <ItemGroup>
    <Image Include="Resource\Texture\mars.png">
      <Filter>Resource Files</Filter>
    </Image>
    <Image Include="Resource\Texture\Nightsky.png">
      <Filter>Resource Files</Filter>
    </Image>
  </ItemGroup>
  <ItemGroup>
    <Font Include="Resource\Font\CaviarDreams.ttf" />
  </ItemGroup>
  <ItemGroup>
    <Text Include="Resource\Level\MainMenu.txt" />
  </ItemGroup>
</Project>